// !$*UTF8*$!
{
	archiveVersion = 1;
	classes = {
	};
	objectVersion = 46;
	objects = {

/* Begin PBXBuildFile section */
		5203AD281E32368D00A57963 /* SettingsViewController.swift in Sources */ = {isa = PBXBuildFile; fileRef = 5203AD271E32368D00A57963 /* SettingsViewController.swift */; };
		520669641E2E19700013D5C5 /* ThemeManager.swift in Sources */ = {isa = PBXBuildFile; fileRef = 520669631E2E19700013D5C5 /* ThemeManager.swift */; };
		520669661E2E1FF90013D5C5 /* HexColor.swift in Sources */ = {isa = PBXBuildFile; fileRef = 520669651E2E1FF90013D5C5 /* HexColor.swift */; };
		520669691E2E3EF60013D5C5 /* listening_sound.mp3 in Resources */ = {isa = PBXBuildFile; fileRef = 520669681E2E3EF60013D5C5 /* listening_sound.mp3 */; };
		52099ED31DE2C77500B9B701 /* LocationManager.swift in Sources */ = {isa = PBXBuildFile; fileRef = 52099ED21DE2C77500B9B701 /* LocationManager.swift */; };
		52099ED51DE2C7DD00B9B701 /* CoreLocation.framework in Frameworks */ = {isa = PBXBuildFile; fileRef = 52099ED41DE2C7DD00B9B701 /* CoreLocation.framework */; };
		52099ED71DE2EBF200B9B701 /* ChatBubble.swift in Sources */ = {isa = PBXBuildFile; fileRef = 52099ED61DE2EBF200B9B701 /* ChatBubble.swift */; };
		52099ED91DE2EC4900B9B701 /* ChatBubbleData.swift in Sources */ = {isa = PBXBuildFile; fileRef = 52099ED81DE2EC4900B9B701 /* ChatBubbleData.swift */; };
		520AE56B1DD5BC9900B37046 /* WatsonTTSManager.swift in Sources */ = {isa = PBXBuildFile; fileRef = 520AE56A1DD5BC9900B37046 /* WatsonTTSManager.swift */; };
		524061F61DD97F8100D13B36 /* CommonUtilityManager.swift in Sources */ = {isa = PBXBuildFile; fileRef = 524061F51DD97F8100D13B36 /* CommonUtilityManager.swift */; };
		524061F81DD9909200D13B36 /* BaseViewController.swift in Sources */ = {isa = PBXBuildFile; fileRef = 524061F71DD9909200D13B36 /* BaseViewController.swift */; };
		524062001DD9BD7700D13B36 /* Main.storyboard in Resources */ = {isa = PBXBuildFile; fileRef = 524061FE1DD9BD7700D13B36 /* Main.storyboard */; };
		524062031DD9BD8200D13B36 /* LaunchScreen.storyboard in Resources */ = {isa = PBXBuildFile; fileRef = 524062011DD9BD8200D13B36 /* LaunchScreen.storyboard */; };
		524062071DD9C8C200D13B36 /* SettingsUtils.swift in Sources */ = {isa = PBXBuildFile; fileRef = 524062061DD9C8C200D13B36 /* SettingsUtils.swift */; };
		5260881D1E3872210021BF48 /* SettingsRootViewController.swift in Sources */ = {isa = PBXBuildFile; fileRef = 5260881C1E3872200021BF48 /* SettingsRootViewController.swift */; };
		52ACEC491DD3240300DCBD7B /* AppDelegate.swift in Sources */ = {isa = PBXBuildFile; fileRef = 52ACEC481DD3240300DCBD7B /* AppDelegate.swift */; };
		52ACEC501DD3240400DCBD7B /* Assets.xcassets in Resources */ = {isa = PBXBuildFile; fileRef = 52ACEC4F1DD3240400DCBD7B /* Assets.xcassets */; };
		52ACEC601DD3293600DCBD7B /* Constants.swift in Sources */ = {isa = PBXBuildFile; fileRef = 52ACEC5F1DD3293600DCBD7B /* Constants.swift */; };
		52ACEC621DD3392300DCBD7B /* WatsonSTTManager.swift in Sources */ = {isa = PBXBuildFile; fileRef = 52ACEC611DD3392200DCBD7B /* WatsonSTTManager.swift */; };
		52AFA2DB1DDF2E140061ED3D /* MQTTManager.swift in Sources */ = {isa = PBXBuildFile; fileRef = 52AFA2DA1DDF2E140061ED3D /* MQTTManager.swift */; };
		52AFA2DD1DDF31560061ED3D /* MQTTFramework.framework in Frameworks */ = {isa = PBXBuildFile; fileRef = 52AFA2DC1DDF31560061ED3D /* MQTTFramework.framework */; };
		52AFA2DE1DDF31560061ED3D /* MQTTFramework.framework in Embed Frameworks */ = {isa = PBXBuildFile; fileRef = 52AFA2DC1DDF31560061ED3D /* MQTTFramework.framework */; settings = {ATTRIBUTES = (CodeSignOnCopy, RemoveHeadersOnCopy, ); }; };
		52C578521DD5C52D00D3BCF3 /* AudioPlayManager.swift in Sources */ = {isa = PBXBuildFile; fileRef = 52C578511DD5C52D00D3BCF3 /* AudioPlayManager.swift */; };
		52C578541DD5C69200D3BCF3 /* MediaUtils.swift in Sources */ = {isa = PBXBuildFile; fileRef = 52C578531DD5C69200D3BCF3 /* MediaUtils.swift */; };
		52C578561DD5C92100D3BCF3 /* MainViewController.swift in Sources */ = {isa = PBXBuildFile; fileRef = 52C578551DD5C92100D3BCF3 /* MainViewController.swift */; };
		52FA78ED1DD5EE6E00EEDD64 /* SpeechToTextV1.framework in Frameworks */ = {isa = PBXBuildFile; fileRef = 52ACEC641DD34C1500DCBD7B /* SpeechToTextV1.framework */; };
		52FA78EE1DD5EE6E00EEDD64 /* SpeechToTextV1.framework in Embed Frameworks */ = {isa = PBXBuildFile; fileRef = 52ACEC641DD34C1500DCBD7B /* SpeechToTextV1.framework */; settings = {ATTRIBUTES = (CodeSignOnCopy, RemoveHeadersOnCopy, ); }; };
		52FA78F11DD5EEC200EEDD64 /* TextToSpeechV1.framework in Frameworks */ = {isa = PBXBuildFile; fileRef = 52FA78F01DD5EEC200EEDD64 /* TextToSpeechV1.framework */; };
		52FA78F21DD5EEC200EEDD64 /* TextToSpeechV1.framework in Embed Frameworks */ = {isa = PBXBuildFile; fileRef = 52FA78F01DD5EEC200EEDD64 /* TextToSpeechV1.framework */; settings = {ATTRIBUTES = (CodeSignOnCopy, RemoveHeadersOnCopy, ); }; };
		52FA78F41DD5EF8500EEDD64 /* RestKit.framework in Frameworks */ = {isa = PBXBuildFile; fileRef = 52FA78F31DD5EF8500EEDD64 /* RestKit.framework */; };
		52FA78F51DD5EF8500EEDD64 /* RestKit.framework in Embed Frameworks */ = {isa = PBXBuildFile; fileRef = 52FA78F31DD5EF8500EEDD64 /* RestKit.framework */; settings = {ATTRIBUTES = (CodeSignOnCopy, RemoveHeadersOnCopy, ); }; };
/* End PBXBuildFile section */

/* Begin PBXCopyFilesBuildPhase section */
		52FA78EF1DD5EE6E00EEDD64 /* Embed Frameworks */ = {
			isa = PBXCopyFilesBuildPhase;
			buildActionMask = 2147483647;
			dstPath = "";
			dstSubfolderSpec = 10;
			files = (
				52FA78EE1DD5EE6E00EEDD64 /* SpeechToTextV1.framework in Embed Frameworks */,
				52FA78F21DD5EEC200EEDD64 /* TextToSpeechV1.framework in Embed Frameworks */,
				52FA78F51DD5EF8500EEDD64 /* RestKit.framework in Embed Frameworks */,
				52AFA2DE1DDF31560061ED3D /* MQTTFramework.framework in Embed Frameworks */,
			);
			name = "Embed Frameworks";
			runOnlyForDeploymentPostprocessing = 0;
		};
/* End PBXCopyFilesBuildPhase section */

/* Begin PBXFileReference section */
		5203AD271E32368D00A57963 /* SettingsViewController.swift */ = {isa = PBXFileReference; fileEncoding = 4; lastKnownFileType = sourcecode.swift; path = SettingsViewController.swift; sourceTree = "<group>"; };
		520669631E2E19700013D5C5 /* ThemeManager.swift */ = {isa = PBXFileReference; fileEncoding = 4; lastKnownFileType = sourcecode.swift; path = ThemeManager.swift; sourceTree = "<group>"; };
		520669651E2E1FF90013D5C5 /* HexColor.swift */ = {isa = PBXFileReference; fileEncoding = 4; lastKnownFileType = sourcecode.swift; path = HexColor.swift; sourceTree = "<group>"; };
		520669681E2E3EF60013D5C5 /* listening_sound.mp3 */ = {isa = PBXFileReference; lastKnownFileType = audio.mp3; path = listening_sound.mp3; sourceTree = "<group>"; };
		52099ED21DE2C77500B9B701 /* LocationManager.swift */ = {isa = PBXFileReference; fileEncoding = 4; lastKnownFileType = sourcecode.swift; path = LocationManager.swift; sourceTree = "<group>"; };
		52099ED41DE2C7DD00B9B701 /* CoreLocation.framework */ = {isa = PBXFileReference; lastKnownFileType = wrapper.framework; name = CoreLocation.framework; path = System/Library/Frameworks/CoreLocation.framework; sourceTree = SDKROOT; };
		52099ED61DE2EBF200B9B701 /* ChatBubble.swift */ = {isa = PBXFileReference; fileEncoding = 4; lastKnownFileType = sourcecode.swift; path = ChatBubble.swift; sourceTree = "<group>"; };
		52099ED81DE2EC4900B9B701 /* ChatBubbleData.swift */ = {isa = PBXFileReference; fileEncoding = 4; lastKnownFileType = sourcecode.swift; path = ChatBubbleData.swift; sourceTree = "<group>"; };
		520AE56A1DD5BC9900B37046 /* WatsonTTSManager.swift */ = {isa = PBXFileReference; fileEncoding = 4; lastKnownFileType = sourcecode.swift; path = WatsonTTSManager.swift; sourceTree = "<group>"; };
		524061F51DD97F8100D13B36 /* CommonUtilityManager.swift */ = {isa = PBXFileReference; fileEncoding = 4; lastKnownFileType = sourcecode.swift; path = CommonUtilityManager.swift; sourceTree = "<group>"; };
		524061F71DD9909200D13B36 /* BaseViewController.swift */ = {isa = PBXFileReference; fileEncoding = 4; lastKnownFileType = sourcecode.swift; path = BaseViewController.swift; sourceTree = "<group>"; };
		524061FF1DD9BD7700D13B36 /* Base */ = {isa = PBXFileReference; lastKnownFileType = file.storyboard; name = Base; path = Base.lproj/Main.storyboard; sourceTree = "<group>"; };
		524062021DD9BD8200D13B36 /* Base */ = {isa = PBXFileReference; lastKnownFileType = file.storyboard; name = Base; path = Base.lproj/LaunchScreen.storyboard; sourceTree = "<group>"; };
		524062061DD9C8C200D13B36 /* SettingsUtils.swift */ = {isa = PBXFileReference; fileEncoding = 4; lastKnownFileType = sourcecode.swift; path = SettingsUtils.swift; sourceTree = "<group>"; };
		5260881C1E3872200021BF48 /* SettingsRootViewController.swift */ = {isa = PBXFileReference; fileEncoding = 4; lastKnownFileType = sourcecode.swift; path = SettingsRootViewController.swift; sourceTree = "<group>"; };
		52ACEC451DD3240300DCBD7B /* Natural Language Interface.app */ = {isa = PBXFileReference; explicitFileType = wrapper.application; includeInIndex = 0; path = "Natural Language Interface.app"; sourceTree = BUILT_PRODUCTS_DIR; };
		52ACEC481DD3240300DCBD7B /* AppDelegate.swift */ = {isa = PBXFileReference; lastKnownFileType = sourcecode.swift; path = AppDelegate.swift; sourceTree = "<group>"; };
		52ACEC4F1DD3240400DCBD7B /* Assets.xcassets */ = {isa = PBXFileReference; lastKnownFileType = folder.assetcatalog; path = Assets.xcassets; sourceTree = "<group>"; };
		52ACEC541DD3240400DCBD7B /* Info.plist */ = {isa = PBXFileReference; lastKnownFileType = text.plist.xml; path = Info.plist; sourceTree = "<group>"; };
		52ACEC5F1DD3293600DCBD7B /* Constants.swift */ = {isa = PBXFileReference; fileEncoding = 4; lastKnownFileType = sourcecode.swift; path = Constants.swift; sourceTree = "<group>"; };
		52ACEC611DD3392200DCBD7B /* WatsonSTTManager.swift */ = {isa = PBXFileReference; fileEncoding = 4; lastKnownFileType = sourcecode.swift; path = WatsonSTTManager.swift; sourceTree = "<group>"; };
		52ACEC641DD34C1500DCBD7B /* SpeechToTextV1.framework */ = {isa = PBXFileReference; lastKnownFileType = wrapper.framework; name = SpeechToTextV1.framework; path = Carthage/Build/iOS/SpeechToTextV1.framework; sourceTree = "<group>"; };
		52AFA2DA1DDF2E140061ED3D /* MQTTManager.swift */ = {isa = PBXFileReference; fileEncoding = 4; lastKnownFileType = sourcecode.swift; path = MQTTManager.swift; sourceTree = "<group>"; };
		52AFA2DC1DDF31560061ED3D /* MQTTFramework.framework */ = {isa = PBXFileReference; lastKnownFileType = wrapper.framework; name = MQTTFramework.framework; path = Carthage/Build/iOS/MQTTFramework.framework; sourceTree = "<group>"; };
		52C578511DD5C52D00D3BCF3 /* AudioPlayManager.swift */ = {isa = PBXFileReference; fileEncoding = 4; lastKnownFileType = sourcecode.swift; path = AudioPlayManager.swift; sourceTree = "<group>"; };
		52C578531DD5C69200D3BCF3 /* MediaUtils.swift */ = {isa = PBXFileReference; fileEncoding = 4; lastKnownFileType = sourcecode.swift; path = MediaUtils.swift; sourceTree = "<group>"; };
		52C578551DD5C92100D3BCF3 /* MainViewController.swift */ = {isa = PBXFileReference; fileEncoding = 4; lastKnownFileType = sourcecode.swift; path = MainViewController.swift; sourceTree = "<group>"; };
		52FA78F01DD5EEC200EEDD64 /* TextToSpeechV1.framework */ = {isa = PBXFileReference; lastKnownFileType = wrapper.framework; name = TextToSpeechV1.framework; path = Carthage/Build/iOS/TextToSpeechV1.framework; sourceTree = "<group>"; };
		52FA78F31DD5EF8500EEDD64 /* RestKit.framework */ = {isa = PBXFileReference; lastKnownFileType = wrapper.framework; name = RestKit.framework; path = Carthage/Build/iOS/RestKit.framework; sourceTree = "<group>"; };
/* End PBXFileReference section */

/* Begin PBXFrameworksBuildPhase section */
		52ACEC421DD3240300DCBD7B /* Frameworks */ = {
			isa = PBXFrameworksBuildPhase;
			buildActionMask = 2147483647;
			files = (
				52099ED51DE2C7DD00B9B701 /* CoreLocation.framework in Frameworks */,
				52FA78ED1DD5EE6E00EEDD64 /* SpeechToTextV1.framework in Frameworks */,
				52FA78F11DD5EEC200EEDD64 /* TextToSpeechV1.framework in Frameworks */,
				52FA78F41DD5EF8500EEDD64 /* RestKit.framework in Frameworks */,
				52AFA2DD1DDF31560061ED3D /* MQTTFramework.framework in Frameworks */,
			);
			runOnlyForDeploymentPostprocessing = 0;
		};
/* End PBXFrameworksBuildPhase section */

/* Begin PBXGroup section */
		520669671E2E3EF60013D5C5 /* SoundFiles */ = {
			isa = PBXGroup;
			children = (
				520669681E2E3EF60013D5C5 /* listening_sound.mp3 */,
			);
			path = SoundFiles;
			sourceTree = "<group>";
		};
		524061FD1DD9BD0000D13B36 /* Models */ = {
			isa = PBXGroup;
			children = (
				52099ED81DE2EC4900B9B701 /* ChatBubbleData.swift */,
			);
			path = Models;
			sourceTree = "<group>";
		};
		52ACEC3C1DD3240200DCBD7B = {
			isa = PBXGroup;
			children = (
				52ACEC471DD3240300DCBD7B /* Natural Language Interface */,
				52ACEC461DD3240300DCBD7B /* Products */,
				52ACEC631DD34C1400DCBD7B /* Frameworks */,
			);
			sourceTree = "<group>";
		};
		52ACEC461DD3240300DCBD7B /* Products */ = {
			isa = PBXGroup;
			children = (
				52ACEC451DD3240300DCBD7B /* Natural Language Interface.app */,
			);
			name = Products;
			sourceTree = "<group>";
		};
		52ACEC471DD3240300DCBD7B /* Natural Language Interface */ = {
			isa = PBXGroup;
			children = (
				520669671E2E3EF60013D5C5 /* SoundFiles */,
				524061FD1DD9BD0000D13B36 /* Models */,
				52ACEC5A1DD3276600DCBD7B /* Views */,
				52ACEC5B1DD3277400DCBD7B /* Controllers */,
				52ACEC5C1DD3278500DCBD7B /* Utilities */,
				52ACEC481DD3240300DCBD7B /* AppDelegate.swift */,
				52ACEC4F1DD3240400DCBD7B /* Assets.xcassets */,
				52ACEC541DD3240400DCBD7B /* Info.plist */,
			);
			path = "Natural Language Interface";
			sourceTree = "<group>";
		};
		52ACEC5A1DD3276600DCBD7B /* Views */ = {
			isa = PBXGroup;
			children = (
				524062011DD9BD8200D13B36 /* LaunchScreen.storyboard */,
				524061FE1DD9BD7700D13B36 /* Main.storyboard */,
				52099ED61DE2EBF200B9B701 /* ChatBubble.swift */,
			);
			path = Views;
			sourceTree = "<group>";
		};
		52ACEC5B1DD3277400DCBD7B /* Controllers */ = {
			isa = PBXGroup;
			children = (
				52C578551DD5C92100D3BCF3 /* MainViewController.swift */,
				524061F71DD9909200D13B36 /* BaseViewController.swift */,
				5203AD271E32368D00A57963 /* SettingsViewController.swift */,
				5260881C1E3872200021BF48 /* SettingsRootViewController.swift */,
			);
			path = Controllers;
			sourceTree = "<group>";
		};
		52ACEC5C1DD3278500DCBD7B /* Utilities */ = {
			isa = PBXGroup;
			children = (
				52AFA2DA1DDF2E140061ED3D /* MQTTManager.swift */,
				524062061DD9C8C200D13B36 /* SettingsUtils.swift */,
				52C578531DD5C69200D3BCF3 /* MediaUtils.swift */,
				52ACEC5F1DD3293600DCBD7B /* Constants.swift */,
				52ACEC611DD3392200DCBD7B /* WatsonSTTManager.swift */,
				520AE56A1DD5BC9900B37046 /* WatsonTTSManager.swift */,
				52C578511DD5C52D00D3BCF3 /* AudioPlayManager.swift */,
				524061F51DD97F8100D13B36 /* CommonUtilityManager.swift */,
				52099ED21DE2C77500B9B701 /* LocationManager.swift */,
				520669631E2E19700013D5C5 /* ThemeManager.swift */,
				520669651E2E1FF90013D5C5 /* HexColor.swift */,
			);
			path = Utilities;
			sourceTree = "<group>";
		};
		52ACEC631DD34C1400DCBD7B /* Frameworks */ = {
			isa = PBXGroup;
			children = (
				52099ED41DE2C7DD00B9B701 /* CoreLocation.framework */,
				52AFA2DC1DDF31560061ED3D /* MQTTFramework.framework */,
				52FA78F31DD5EF8500EEDD64 /* RestKit.framework */,
				52FA78F01DD5EEC200EEDD64 /* TextToSpeechV1.framework */,
				52ACEC641DD34C1500DCBD7B /* SpeechToTextV1.framework */,
			);
			name = Frameworks;
			sourceTree = "<group>";
		};
/* End PBXGroup section */

/* Begin PBXNativeTarget section */
		52ACEC441DD3240300DCBD7B /* Natural Language Interface */ = {
			isa = PBXNativeTarget;
			buildConfigurationList = 52ACEC571DD3240500DCBD7B /* Build configuration list for PBXNativeTarget "Natural Language Interface" */;
			buildPhases = (
				52ACEC411DD3240300DCBD7B /* Sources */,
				52ACEC421DD3240300DCBD7B /* Frameworks */,
				52ACEC431DD3240300DCBD7B /* Resources */,
				52FA78EF1DD5EE6E00EEDD64 /* Embed Frameworks */,
			);
			buildRules = (
			);
			dependencies = (
			);
			name = "Natural Language Interface";
			productName = "Natural Language Interface";
			productReference = 52ACEC451DD3240300DCBD7B /* Natural Language Interface.app */;
			productType = "com.apple.product-type.application";
		};
/* End PBXNativeTarget section */

/* Begin PBXProject section */
		52ACEC3D1DD3240200DCBD7B /* Project object */ = {
			isa = PBXProject;
			attributes = {
				LastSwiftUpdateCheck = 0810;
				LastUpgradeCheck = 0810;
				ORGANIZATIONNAME = Persistent;
				TargetAttributes = {
					52ACEC441DD3240300DCBD7B = {
						CreatedOnToolsVersion = 8.1;
						DevelopmentTeam = Z85852MG3R;
						LastSwiftMigration = 0810;
						ProvisioningStyle = Manual;
					};
				};
			};
			buildConfigurationList = 52ACEC401DD3240200DCBD7B /* Build configuration list for PBXProject "Natural Language Interface" */;
			compatibilityVersion = "Xcode 3.2";
			developmentRegion = English;
			hasScannedForEncodings = 0;
			knownRegions = (
				en,
				Base,
			);
			mainGroup = 52ACEC3C1DD3240200DCBD7B;
			productRefGroup = 52ACEC461DD3240300DCBD7B /* Products */;
			projectDirPath = "";
			projectRoot = "";
			targets = (
				52ACEC441DD3240300DCBD7B /* Natural Language Interface */,
			);
		};
/* End PBXProject section */

/* Begin PBXResourcesBuildPhase section */
		52ACEC431DD3240300DCBD7B /* Resources */ = {
			isa = PBXResourcesBuildPhase;
			buildActionMask = 2147483647;
			files = (
				524062001DD9BD7700D13B36 /* Main.storyboard in Resources */,
				520669691E2E3EF60013D5C5 /* listening_sound.mp3 in Resources */,
				524062031DD9BD8200D13B36 /* LaunchScreen.storyboard in Resources */,
				52ACEC501DD3240400DCBD7B /* Assets.xcassets in Resources */,
			);
			runOnlyForDeploymentPostprocessing = 0;
		};
/* End PBXResourcesBuildPhase section */

/* Begin PBXSourcesBuildPhase section */
		52ACEC411DD3240300DCBD7B /* Sources */ = {
			isa = PBXSourcesBuildPhase;
			buildActionMask = 2147483647;
			files = (
				52ACEC621DD3392300DCBD7B /* WatsonSTTManager.swift in Sources */,
				52099ED71DE2EBF200B9B701 /* ChatBubble.swift in Sources */,
				5260881D1E3872210021BF48 /* SettingsRootViewController.swift in Sources */,
				520669641E2E19700013D5C5 /* ThemeManager.swift in Sources */,
				520AE56B1DD5BC9900B37046 /* WatsonTTSManager.swift in Sources */,
				52C578541DD5C69200D3BCF3 /* MediaUtils.swift in Sources */,
				52099ED31DE2C77500B9B701 /* LocationManager.swift in Sources */,
				52AFA2DB1DDF2E140061ED3D /* MQTTManager.swift in Sources */,
				52ACEC491DD3240300DCBD7B /* AppDelegate.swift in Sources */,
				52099ED91DE2EC4900B9B701 /* ChatBubbleData.swift in Sources */,
				52C578521DD5C52D00D3BCF3 /* AudioPlayManager.swift in Sources */,
				524061F81DD9909200D13B36 /* BaseViewController.swift in Sources */,
				524062071DD9C8C200D13B36 /* SettingsUtils.swift in Sources */,
				5203AD281E32368D00A57963 /* SettingsViewController.swift in Sources */,
				524061F61DD97F8100D13B36 /* CommonUtilityManager.swift in Sources */,
				520669661E2E1FF90013D5C5 /* HexColor.swift in Sources */,
				52ACEC601DD3293600DCBD7B /* Constants.swift in Sources */,
				52C578561DD5C92100D3BCF3 /* MainViewController.swift in Sources */,
			);
			runOnlyForDeploymentPostprocessing = 0;
		};
/* End PBXSourcesBuildPhase section */

/* Begin PBXVariantGroup section */
		524061FE1DD9BD7700D13B36 /* Main.storyboard */ = {
			isa = PBXVariantGroup;
			children = (
				524061FF1DD9BD7700D13B36 /* Base */,
			);
			name = Main.storyboard;
			sourceTree = "<group>";
		};
		524062011DD9BD8200D13B36 /* LaunchScreen.storyboard */ = {
			isa = PBXVariantGroup;
			children = (
				524062021DD9BD8200D13B36 /* Base */,
			);
			name = LaunchScreen.storyboard;
			sourceTree = "<group>";
		};
/* End PBXVariantGroup section */

/* Begin XCBuildConfiguration section */
		52ACEC551DD3240400DCBD7B /* Debug */ = {
			isa = XCBuildConfiguration;
			buildSettings = {
				ALWAYS_SEARCH_USER_PATHS = NO;
				CLANG_ANALYZER_NONNULL = YES;
				CLANG_CXX_LANGUAGE_STANDARD = "gnu++0x";
				CLANG_CXX_LIBRARY = "libc++";
				CLANG_ENABLE_MODULES = YES;
				CLANG_ENABLE_OBJC_ARC = YES;
				CLANG_WARN_BOOL_CONVERSION = YES;
				CLANG_WARN_CONSTANT_CONVERSION = YES;
				CLANG_WARN_DIRECT_OBJC_ISA_USAGE = YES_ERROR;
				CLANG_WARN_DOCUMENTATION_COMMENTS = YES;
				CLANG_WARN_EMPTY_BODY = YES;
				CLANG_WARN_ENUM_CONVERSION = YES;
				CLANG_WARN_INFINITE_RECURSION = YES;
				CLANG_WARN_INT_CONVERSION = YES;
				CLANG_WARN_OBJC_ROOT_CLASS = YES_ERROR;
				CLANG_WARN_SUSPICIOUS_MOVES = YES;
				CLANG_WARN_UNREACHABLE_CODE = YES;
				CLANG_WARN__DUPLICATE_METHOD_MATCH = YES;
				"CODE_SIGN_IDENTITY[sdk=iphoneos*]" = "iPhone Developer";
				COPY_PHASE_STRIP = NO;
				DEBUG_INFORMATION_FORMAT = dwarf;
				ENABLE_STRICT_OBJC_MSGSEND = YES;
				ENABLE_TESTABILITY = YES;
				GCC_C_LANGUAGE_STANDARD = gnu99;
				GCC_DYNAMIC_NO_PIC = NO;
				GCC_NO_COMMON_BLOCKS = YES;
				GCC_OPTIMIZATION_LEVEL = 0;
				GCC_PREPROCESSOR_DEFINITIONS = (
					"DEBUG=1",
					"$(inherited)",
				);
				GCC_WARN_64_TO_32_BIT_CONVERSION = YES;
				GCC_WARN_ABOUT_RETURN_TYPE = YES_ERROR;
				GCC_WARN_UNDECLARED_SELECTOR = YES;
				GCC_WARN_UNINITIALIZED_AUTOS = YES_AGGRESSIVE;
				GCC_WARN_UNUSED_FUNCTION = YES;
				GCC_WARN_UNUSED_VARIABLE = YES;
				IPHONEOS_DEPLOYMENT_TARGET = 10.0;
				MTL_ENABLE_DEBUG_INFO = YES;
				ONLY_ACTIVE_ARCH = YES;
				SDKROOT = iphoneos;
				SWIFT_ACTIVE_COMPILATION_CONDITIONS = DEBUG;
				SWIFT_OPTIMIZATION_LEVEL = "-Onone";
				TARGETED_DEVICE_FAMILY = "1,2";
			};
			name = Debug;
		};
		52ACEC561DD3240400DCBD7B /* Release */ = {
			isa = XCBuildConfiguration;
			buildSettings = {
				ALWAYS_SEARCH_USER_PATHS = NO;
				CLANG_ANALYZER_NONNULL = YES;
				CLANG_CXX_LANGUAGE_STANDARD = "gnu++0x";
				CLANG_CXX_LIBRARY = "libc++";
				CLANG_ENABLE_MODULES = YES;
				CLANG_ENABLE_OBJC_ARC = YES;
				CLANG_WARN_BOOL_CONVERSION = YES;
				CLANG_WARN_CONSTANT_CONVERSION = YES;
				CLANG_WARN_DIRECT_OBJC_ISA_USAGE = YES_ERROR;
				CLANG_WARN_DOCUMENTATION_COMMENTS = YES;
				CLANG_WARN_EMPTY_BODY = YES;
				CLANG_WARN_ENUM_CONVERSION = YES;
				CLANG_WARN_INFINITE_RECURSION = YES;
				CLANG_WARN_INT_CONVERSION = YES;
				CLANG_WARN_OBJC_ROOT_CLASS = YES_ERROR;
				CLANG_WARN_SUSPICIOUS_MOVES = YES;
				CLANG_WARN_UNREACHABLE_CODE = YES;
				CLANG_WARN__DUPLICATE_METHOD_MATCH = YES;
				"CODE_SIGN_IDENTITY[sdk=iphoneos*]" = "iPhone Developer";
				COPY_PHASE_STRIP = NO;
				DEBUG_INFORMATION_FORMAT = "dwarf-with-dsym";
				ENABLE_NS_ASSERTIONS = NO;
				ENABLE_STRICT_OBJC_MSGSEND = YES;
				GCC_C_LANGUAGE_STANDARD = gnu99;
				GCC_NO_COMMON_BLOCKS = YES;
				GCC_WARN_64_TO_32_BIT_CONVERSION = YES;
				GCC_WARN_ABOUT_RETURN_TYPE = YES_ERROR;
				GCC_WARN_UNDECLARED_SELECTOR = YES;
				GCC_WARN_UNINITIALIZED_AUTOS = YES_AGGRESSIVE;
				GCC_WARN_UNUSED_FUNCTION = YES;
				GCC_WARN_UNUSED_VARIABLE = YES;
				IPHONEOS_DEPLOYMENT_TARGET = 10.0;
				MTL_ENABLE_DEBUG_INFO = NO;
				SDKROOT = iphoneos;
				SWIFT_OPTIMIZATION_LEVEL = "-Owholemodule";
				TARGETED_DEVICE_FAMILY = "1,2";
				VALIDATE_PRODUCT = YES;
			};
			name = Release;
		};
		52ACEC581DD3240500DCBD7B /* Debug */ = {
			isa = XCBuildConfiguration;
			buildSettings = {
				ASSETCATALOG_COMPILER_APPICON_NAME = AppIcon;
				DEVELOPMENT_TEAM = Z85852MG3R;
				FRAMEWORK_SEARCH_PATHS = "$(PROJECT_DIR)/Carthage/Build/iOS";
				INFOPLIST_FILE = "Natural Language Interface/Info.plist";
				IPHONEOS_DEPLOYMENT_TARGET = 10.0;
				LD_RUNPATH_SEARCH_PATHS = "$(inherited) @executable_path/Frameworks";
				PRODUCT_BUNDLE_IDENTIFIER = com.persistent.ibmiot;
				PRODUCT_NAME = "$(TARGET_NAME)";
				PROVISIONING_PROFILE = "f2155b0d-a9e9-4e92-a521-78606bb4de85";
				PROVISIONING_PROFILE_SPECIFIER = IbmIotPushDemo;
				SWIFT_VERSION = 3.0;
			};
			name = Debug;
		};
		52ACEC591DD3240500DCBD7B /* Release */ = {
			isa = XCBuildConfiguration;
			buildSettings = {
				ASSETCATALOG_COMPILER_APPICON_NAME = AppIcon;
				DEVELOPMENT_TEAM = Z85852MG3R;
				FRAMEWORK_SEARCH_PATHS = "$(PROJECT_DIR)/Carthage/Build/iOS";
				INFOPLIST_FILE = "Natural Language Interface/Info.plist";
				IPHONEOS_DEPLOYMENT_TARGET = 10.0;
				LD_RUNPATH_SEARCH_PATHS = "$(inherited) @executable_path/Frameworks";
				PRODUCT_BUNDLE_IDENTIFIER = com.persistent.ibmiot;
				PRODUCT_NAME = "$(TARGET_NAME)";
				PROVISIONING_PROFILE = "f2155b0d-a9e9-4e92-a521-78606bb4de85";
				PROVISIONING_PROFILE_SPECIFIER = IbmIotPushDemo;
				SWIFT_VERSION = 3.0;
			};
			name = Release;
		};
/* End XCBuildConfiguration section */

/* Begin XCConfigurationList section */
		52ACEC401DD3240200DCBD7B /* Build configuration list for PBXProject "Natural Language Interface" */ = {
			isa = XCConfigurationList;
			buildConfigurations = (
				52ACEC551DD3240400DCBD7B /* Debug */,
				52ACEC561DD3240400DCBD7B /* Release */,
			);
			defaultConfigurationIsVisible = 0;
			defaultConfigurationName = Release;
		};
		52ACEC571DD3240500DCBD7B /* Build configuration list for PBXNativeTarget "Natural Language Interface" */ = {
			isa = XCConfigurationList;
			buildConfigurations = (
				52ACEC581DD3240500DCBD7B /* Debug */,
				52ACEC591DD3240500DCBD7B /* Release */,
			);
			defaultConfigurationIsVisible = 0;
			defaultConfigurationName = Release;
		};
/* End XCConfigurationList section */
	};
	rootObject = 52ACEC3D1DD3240200DCBD7B /* Project object */;
}
